// !$*UTF8*$!
{
	archiveVersion = 1;
	classes = {
	};
	objectVersion = 50;
	objects = {

/* Begin PBXBuildFile section */
		1707919C234D13DF00BD6F32 /* MoviePresentationView.swift in Sources */ = {isa = PBXBuildFile; fileRef = 1707919B234D13DF00BD6F32 /* MoviePresentationView.swift */; };
		1707919E234D221D00BD6F32 /* MoviePresentationViewModel.swift in Sources */ = {isa = PBXBuildFile; fileRef = 1707919D234D221D00BD6F32 /* MoviePresentationViewModel.swift */; };
		1710633423451C43003FC044 /* SearchArtistResult.swift in Sources */ = {isa = PBXBuildFile; fileRef = 1710633323451C43003FC044 /* SearchArtistResult.swift */; };
		17106336234524EA003FC044 /* SearchArtistCreditsResult.swift in Sources */ = {isa = PBXBuildFile; fileRef = 17106335234524EA003FC044 /* SearchArtistCreditsResult.swift */; };
		17730E1B234CFB8500F8C6BF /* SearchView.swift in Sources */ = {isa = PBXBuildFile; fileRef = 17730E1A234CFB8500F8C6BF /* SearchView.swift */; };
		17730E1E234CFCE500F8C6BF /* SearchViewModel.swift in Sources */ = {isa = PBXBuildFile; fileRef = 17730E1D234CFCE500F8C6BF /* SearchViewModel.swift */; };
		A140F846233D401C00E07DEA /* AppDelegate.swift in Sources */ = {isa = PBXBuildFile; fileRef = A140F845233D401C00E07DEA /* AppDelegate.swift */; };
		A140F848233D401C00E07DEA /* SceneDelegate.swift in Sources */ = {isa = PBXBuildFile; fileRef = A140F847233D401C00E07DEA /* SceneDelegate.swift */; };
		A140F84B233D401C00E07DEA /* biscoitometro.xcdatamodeld in Sources */ = {isa = PBXBuildFile; fileRef = A140F849233D401C00E07DEA /* biscoitometro.xcdatamodeld */; };
		A140F84D233D401C00E07DEA /* ContentView.swift in Sources */ = {isa = PBXBuildFile; fileRef = A140F84C233D401C00E07DEA /* ContentView.swift */; };
		A140F84F233D401D00E07DEA /* Assets.xcassets in Resources */ = {isa = PBXBuildFile; fileRef = A140F84E233D401D00E07DEA /* Assets.xcassets */; };
		A140F852233D401D00E07DEA /* Preview Assets.xcassets in Resources */ = {isa = PBXBuildFile; fileRef = A140F851233D401D00E07DEA /* Preview Assets.xcassets */; };
		A140F855233D401D00E07DEA /* LaunchScreen.storyboard in Resources */ = {isa = PBXBuildFile; fileRef = A140F853233D401D00E07DEA /* LaunchScreen.storyboard */; };
		A140F860233D401D00E07DEA /* biscoitometroTests.swift in Sources */ = {isa = PBXBuildFile; fileRef = A140F85F233D401D00E07DEA /* biscoitometroTests.swift */; };
		A140F86B233D401D00E07DEA /* biscoitometroUITests.swift in Sources */ = {isa = PBXBuildFile; fileRef = A140F86A233D401D00E07DEA /* biscoitometroUITests.swift */; };
		A140F87A233D4F9900E07DEA /* Network.swift in Sources */ = {isa = PBXBuildFile; fileRef = A140F879233D4F9900E07DEA /* Network.swift */; };
		A140F87C233D52DE00E07DEA /* NetworkError.swift in Sources */ = {isa = PBXBuildFile; fileRef = A140F87B233D52DE00E07DEA /* NetworkError.swift */; };
		A140F87F233D597F00E07DEA /* MovieDecodable.swift in Sources */ = {isa = PBXBuildFile; fileRef = A140F87E233D597F00E07DEA /* MovieDecodable.swift */; };
		A19CA5F8235A37FD003E8374 /* MovieDetailView.swift in Sources */ = {isa = PBXBuildFile; fileRef = A19CA5F6235A37FD003E8374 /* MovieDetailView.swift */; };
		A19CA5F9235A37FD003E8374 /* MovieDetailViewModel.swift in Sources */ = {isa = PBXBuildFile; fileRef = A19CA5F7235A37FD003E8374 /* MovieDetailViewModel.swift */; };
		A1BC83082342759A00682752 /* Requests.swift in Sources */ = {isa = PBXBuildFile; fileRef = A1BC83072342759A00682752 /* Requests.swift */; };
		A1BC830B23427C3C00682752 /* Parsing.swift in Sources */ = {isa = PBXBuildFile; fileRef = A1BC830A23427C3C00682752 /* Parsing.swift */; };
		A1BC830D2342910C00682752 /* Paginable.swift in Sources */ = {isa = PBXBuildFile; fileRef = A1BC830C2342910C00682752 /* Paginable.swift */; };
		A1BC83102342914400682752 /* SearchMovieResult.swift in Sources */ = {isa = PBXBuildFile; fileRef = A1BC830F2342914400682752 /* SearchMovieResult.swift */; };
		A1BC8312234292BB00682752 /* Genre.swift in Sources */ = {isa = PBXBuildFile; fileRef = A1BC8311234292BB00682752 /* Genre.swift */; };
		A1BC83142342957800682752 /* Cast.swift in Sources */ = {isa = PBXBuildFile; fileRef = A1BC83132342957800682752 /* Cast.swift */; };
		A1BC83172342973600682752 /* SearchMovieViewModel.swift in Sources */ = {isa = PBXBuildFile; fileRef = A1BC83162342973600682752 /* SearchMovieViewModel.swift */; };
		A1BC831A2343CB1900682752 /* SearchMovieView.swift in Sources */ = {isa = PBXBuildFile; fileRef = A1BC83192343CB1900682752 /* SearchMovieView.swift */; };
		A1BC831C2343EEA200682752 /* SearchMovieCreditsResult.swift in Sources */ = {isa = PBXBuildFile; fileRef = A1BC831B2343EEA200682752 /* SearchMovieCreditsResult.swift */; };
		A1BC83212347B82900682752 /* MovieProtocol.swift in Sources */ = {isa = PBXBuildFile; fileRef = A1BC83202347B82900682752 /* MovieProtocol.swift */; };
		A1BC8323234BB02300682752 /* MovieStorable.swift in Sources */ = {isa = PBXBuildFile; fileRef = A1BC8322234BB02300682752 /* MovieStorable.swift */; };
		A1BC8325234BB1C600682752 /* ArtistProtocol.swift in Sources */ = {isa = PBXBuildFile; fileRef = A1BC8324234BB1C600682752 /* ArtistProtocol.swift */; };
		A1BC8329234BB2DE00682752 /* ArtistDecodable.swift in Sources */ = {isa = PBXBuildFile; fileRef = A1BC8328234BB2DE00682752 /* ArtistDecodable.swift */; };
		A1BC832B234BB35200682752 /* ArtistStorable.swift in Sources */ = {isa = PBXBuildFile; fileRef = A1BC832A234BB35200682752 /* ArtistStorable.swift */; };
		A1C691742358E0C400DF0092 /* Utils.swift in Sources */ = {isa = PBXBuildFile; fileRef = A1C691732358E0C400DF0092 /* Utils.swift */; };
		A1C691762358FBB100DF0092 /* AppView.swift in Sources */ = {isa = PBXBuildFile; fileRef = A1C691752358FBB100DF0092 /* AppView.swift */; };
		A1ECABE82354EB17006CE36D /* Config.swift in Sources */ = {isa = PBXBuildFile; fileRef = A1ECABE72354EB17006CE36D /* Config.swift */; };
		A1ECABEA2354FB40006CE36D /* MovieRateView.swift in Sources */ = {isa = PBXBuildFile; fileRef = A1ECABE92354FB40006CE36D /* MovieRateView.swift */; };
		A1ECABED2354FB87006CE36D /* MovieRateViewModel.swift in Sources */ = {isa = PBXBuildFile; fileRef = A1ECABEC2354FB87006CE36D /* MovieRateViewModel.swift */; };
		A1F319332355088600AF0421 /* RateCastView.swift in Sources */ = {isa = PBXBuildFile; fileRef = A1F319322355088600AF0421 /* RateCastView.swift */; };
		A1F31936235508A400AF0421 /* RateCastViewModel.swift in Sources */ = {isa = PBXBuildFile; fileRef = A1F31935235508A400AF0421 /* RateCastViewModel.swift */; };
		DEB1C1C423466A0700097E53 /* CodingUserInfoKey+Extension.swift in Sources */ = {isa = PBXBuildFile; fileRef = DEB1C1C323466A0700097E53 /* CodingUserInfoKey+Extension.swift */; };
		DEB1C1C62346709200097E53 /* Artist.swift in Sources */ = {isa = PBXBuildFile; fileRef = DEB1C1C52346709200097E53 /* Artist.swift */; };
/* End PBXBuildFile section */

/* Begin PBXContainerItemProxy section */
		A140F85C233D401D00E07DEA /* PBXContainerItemProxy */ = {
			isa = PBXContainerItemProxy;
			containerPortal = A140F83A233D401C00E07DEA /* Project object */;
			proxyType = 1;
			remoteGlobalIDString = A140F841233D401C00E07DEA;
			remoteInfo = biscoitometro;
		};
		A140F867233D401D00E07DEA /* PBXContainerItemProxy */ = {
			isa = PBXContainerItemProxy;
			containerPortal = A140F83A233D401C00E07DEA /* Project object */;
			proxyType = 1;
			remoteGlobalIDString = A140F841233D401C00E07DEA;
			remoteInfo = biscoitometro;
		};
/* End PBXContainerItemProxy section */

/* Begin PBXFileReference section */
		1707919B234D13DF00BD6F32 /* MoviePresentationView.swift */ = {isa = PBXFileReference; lastKnownFileType = sourcecode.swift; path = MoviePresentationView.swift; sourceTree = "<group>"; };
		1707919D234D221D00BD6F32 /* MoviePresentationViewModel.swift */ = {isa = PBXFileReference; lastKnownFileType = sourcecode.swift; path = MoviePresentationViewModel.swift; sourceTree = "<group>"; };
		1710633323451C43003FC044 /* SearchArtistResult.swift */ = {isa = PBXFileReference; lastKnownFileType = sourcecode.swift; path = SearchArtistResult.swift; sourceTree = "<group>"; };
		17106335234524EA003FC044 /* SearchArtistCreditsResult.swift */ = {isa = PBXFileReference; lastKnownFileType = sourcecode.swift; path = SearchArtistCreditsResult.swift; sourceTree = "<group>"; };
		17730E1A234CFB8500F8C6BF /* SearchView.swift */ = {isa = PBXFileReference; lastKnownFileType = sourcecode.swift; path = SearchView.swift; sourceTree = "<group>"; };
		17730E1D234CFCE500F8C6BF /* SearchViewModel.swift */ = {isa = PBXFileReference; lastKnownFileType = sourcecode.swift; path = SearchViewModel.swift; sourceTree = "<group>"; };
		A140F842233D401C00E07DEA /* biscoitometro.app */ = {isa = PBXFileReference; explicitFileType = wrapper.application; includeInIndex = 0; path = biscoitometro.app; sourceTree = BUILT_PRODUCTS_DIR; };
		A140F845233D401C00E07DEA /* AppDelegate.swift */ = {isa = PBXFileReference; lastKnownFileType = sourcecode.swift; path = AppDelegate.swift; sourceTree = "<group>"; };
		A140F847233D401C00E07DEA /* SceneDelegate.swift */ = {isa = PBXFileReference; lastKnownFileType = sourcecode.swift; path = SceneDelegate.swift; sourceTree = "<group>"; };
		A140F84A233D401C00E07DEA /* biscoitometro.xcdatamodel */ = {isa = PBXFileReference; lastKnownFileType = wrapper.xcdatamodel; path = biscoitometro.xcdatamodel; sourceTree = "<group>"; };
		A140F84C233D401C00E07DEA /* ContentView.swift */ = {isa = PBXFileReference; lastKnownFileType = sourcecode.swift; path = ContentView.swift; sourceTree = "<group>"; };
		A140F84E233D401D00E07DEA /* Assets.xcassets */ = {isa = PBXFileReference; lastKnownFileType = folder.assetcatalog; path = Assets.xcassets; sourceTree = "<group>"; };
		A140F851233D401D00E07DEA /* Preview Assets.xcassets */ = {isa = PBXFileReference; lastKnownFileType = folder.assetcatalog; path = "Preview Assets.xcassets"; sourceTree = "<group>"; };
		A140F854233D401D00E07DEA /* Base */ = {isa = PBXFileReference; lastKnownFileType = file.storyboard; name = Base; path = Base.lproj/LaunchScreen.storyboard; sourceTree = "<group>"; };
		A140F856233D401D00E07DEA /* Info.plist */ = {isa = PBXFileReference; lastKnownFileType = text.plist.xml; path = Info.plist; sourceTree = "<group>"; };
		A140F85B233D401D00E07DEA /* biscoitometroTests.xctest */ = {isa = PBXFileReference; explicitFileType = wrapper.cfbundle; includeInIndex = 0; path = biscoitometroTests.xctest; sourceTree = BUILT_PRODUCTS_DIR; };
		A140F85F233D401D00E07DEA /* biscoitometroTests.swift */ = {isa = PBXFileReference; lastKnownFileType = sourcecode.swift; path = biscoitometroTests.swift; sourceTree = "<group>"; };
		A140F861233D401D00E07DEA /* Info.plist */ = {isa = PBXFileReference; lastKnownFileType = text.plist.xml; path = Info.plist; sourceTree = "<group>"; };
		A140F866233D401D00E07DEA /* biscoitometroUITests.xctest */ = {isa = PBXFileReference; explicitFileType = wrapper.cfbundle; includeInIndex = 0; path = biscoitometroUITests.xctest; sourceTree = BUILT_PRODUCTS_DIR; };
		A140F86A233D401D00E07DEA /* biscoitometroUITests.swift */ = {isa = PBXFileReference; lastKnownFileType = sourcecode.swift; path = biscoitometroUITests.swift; sourceTree = "<group>"; };
		A140F86C233D401D00E07DEA /* Info.plist */ = {isa = PBXFileReference; lastKnownFileType = text.plist.xml; path = Info.plist; sourceTree = "<group>"; };
		A140F879233D4F9900E07DEA /* Network.swift */ = {isa = PBXFileReference; lastKnownFileType = sourcecode.swift; path = Network.swift; sourceTree = "<group>"; };
		A140F87B233D52DE00E07DEA /* NetworkError.swift */ = {isa = PBXFileReference; lastKnownFileType = sourcecode.swift; path = NetworkError.swift; sourceTree = "<group>"; };
		A140F87E233D597F00E07DEA /* MovieDecodable.swift */ = {isa = PBXFileReference; lastKnownFileType = sourcecode.swift; path = MovieDecodable.swift; sourceTree = "<group>"; };
		A19CA5F6235A37FD003E8374 /* MovieDetailView.swift */ = {isa = PBXFileReference; fileEncoding = 4; lastKnownFileType = sourcecode.swift; path = MovieDetailView.swift; sourceTree = "<group>"; };
		A19CA5F7235A37FD003E8374 /* MovieDetailViewModel.swift */ = {isa = PBXFileReference; fileEncoding = 4; lastKnownFileType = sourcecode.swift; path = MovieDetailViewModel.swift; sourceTree = "<group>"; };
		A1BC83072342759A00682752 /* Requests.swift */ = {isa = PBXFileReference; lastKnownFileType = sourcecode.swift; path = Requests.swift; sourceTree = "<group>"; };
		A1BC830A23427C3C00682752 /* Parsing.swift */ = {isa = PBXFileReference; lastKnownFileType = sourcecode.swift; path = Parsing.swift; sourceTree = "<group>"; };
		A1BC830C2342910C00682752 /* Paginable.swift */ = {isa = PBXFileReference; lastKnownFileType = sourcecode.swift; path = Paginable.swift; sourceTree = "<group>"; };
		A1BC830F2342914400682752 /* SearchMovieResult.swift */ = {isa = PBXFileReference; lastKnownFileType = sourcecode.swift; path = SearchMovieResult.swift; sourceTree = "<group>"; };
		A1BC8311234292BB00682752 /* Genre.swift */ = {isa = PBXFileReference; lastKnownFileType = sourcecode.swift; path = Genre.swift; sourceTree = "<group>"; };
		A1BC83132342957800682752 /* Cast.swift */ = {isa = PBXFileReference; lastKnownFileType = sourcecode.swift; path = Cast.swift; sourceTree = "<group>"; };
		A1BC83162342973600682752 /* SearchMovieViewModel.swift */ = {isa = PBXFileReference; lastKnownFileType = sourcecode.swift; path = SearchMovieViewModel.swift; sourceTree = "<group>"; };
		A1BC83192343CB1900682752 /* SearchMovieView.swift */ = {isa = PBXFileReference; lastKnownFileType = sourcecode.swift; path = SearchMovieView.swift; sourceTree = "<group>"; };
		A1BC831B2343EEA200682752 /* SearchMovieCreditsResult.swift */ = {isa = PBXFileReference; lastKnownFileType = sourcecode.swift; path = SearchMovieCreditsResult.swift; sourceTree = "<group>"; };
		A1BC83202347B82900682752 /* MovieProtocol.swift */ = {isa = PBXFileReference; lastKnownFileType = sourcecode.swift; path = MovieProtocol.swift; sourceTree = "<group>"; };
		A1BC8322234BB02300682752 /* MovieStorable.swift */ = {isa = PBXFileReference; lastKnownFileType = sourcecode.swift; path = MovieStorable.swift; sourceTree = "<group>"; };
		A1BC8324234BB1C600682752 /* ArtistProtocol.swift */ = {isa = PBXFileReference; lastKnownFileType = sourcecode.swift; path = ArtistProtocol.swift; sourceTree = "<group>"; };
		A1BC8328234BB2DE00682752 /* ArtistDecodable.swift */ = {isa = PBXFileReference; lastKnownFileType = sourcecode.swift; path = ArtistDecodable.swift; sourceTree = "<group>"; };
		A1BC832A234BB35200682752 /* ArtistStorable.swift */ = {isa = PBXFileReference; lastKnownFileType = sourcecode.swift; path = ArtistStorable.swift; sourceTree = "<group>"; };
		A1C691732358E0C400DF0092 /* Utils.swift */ = {isa = PBXFileReference; lastKnownFileType = sourcecode.swift; path = Utils.swift; sourceTree = "<group>"; };
		A1C691752358FBB100DF0092 /* AppView.swift */ = {isa = PBXFileReference; lastKnownFileType = sourcecode.swift; path = AppView.swift; sourceTree = "<group>"; };
		A1ECABE72354EB17006CE36D /* Config.swift */ = {isa = PBXFileReference; lastKnownFileType = sourcecode.swift; path = Config.swift; sourceTree = "<group>"; };
		A1ECABE92354FB40006CE36D /* MovieRateView.swift */ = {isa = PBXFileReference; lastKnownFileType = sourcecode.swift; path = MovieRateView.swift; sourceTree = "<group>"; };
		A1ECABEC2354FB87006CE36D /* MovieRateViewModel.swift */ = {isa = PBXFileReference; lastKnownFileType = sourcecode.swift; path = MovieRateViewModel.swift; sourceTree = "<group>"; };
		A1F319322355088600AF0421 /* RateCastView.swift */ = {isa = PBXFileReference; lastKnownFileType = sourcecode.swift; path = RateCastView.swift; sourceTree = "<group>"; };
		A1F31935235508A400AF0421 /* RateCastViewModel.swift */ = {isa = PBXFileReference; lastKnownFileType = sourcecode.swift; path = RateCastViewModel.swift; sourceTree = "<group>"; };
		DEB1C1C323466A0700097E53 /* CodingUserInfoKey+Extension.swift */ = {isa = PBXFileReference; lastKnownFileType = sourcecode.swift; path = "CodingUserInfoKey+Extension.swift"; sourceTree = "<group>"; };
		DEB1C1C52346709200097E53 /* Artist.swift */ = {isa = PBXFileReference; lastKnownFileType = sourcecode.swift; path = Artist.swift; sourceTree = "<group>"; };
/* End PBXFileReference section */

/* Begin PBXFrameworksBuildPhase section */
		A140F83F233D401C00E07DEA /* Frameworks */ = {
			isa = PBXFrameworksBuildPhase;
			buildActionMask = 2147483647;
			files = (
			);
			runOnlyForDeploymentPostprocessing = 0;
		};
		A140F858233D401D00E07DEA /* Frameworks */ = {
			isa = PBXFrameworksBuildPhase;
			buildActionMask = 2147483647;
			files = (
			);
			runOnlyForDeploymentPostprocessing = 0;
		};
		A140F863233D401D00E07DEA /* Frameworks */ = {
			isa = PBXFrameworksBuildPhase;
			buildActionMask = 2147483647;
			files = (
			);
			runOnlyForDeploymentPostprocessing = 0;
		};
/* End PBXFrameworksBuildPhase section */

/* Begin PBXGroup section */
		1707919A234D13BF00BD6F32 /* MoviePresentation */ = {
			isa = PBXGroup;
			children = (
				1707919B234D13DF00BD6F32 /* MoviePresentationView.swift */,
				1707919D234D221D00BD6F32 /* MoviePresentationViewModel.swift */,
			);
			path = MoviePresentation;
			sourceTree = "<group>";
		};
		17730E19234CFB4D00F8C6BF /* Views */ = {
			isa = PBXGroup;
			children = (
				17730E1C234CFC3000F8C6BF /* Search */,
				1707919A234D13BF00BD6F32 /* MoviePresentation */,
				A1BC831F23465D0600682752 /* TestView */,
				A1ECABEB2354FB48006CE36D /* MovieRate */,
				A1F319342355088B00AF0421 /* RateCast */,
				A1C691752358FBB100DF0092 /* AppView.swift */,
				A19CA5F5235A37FD003E8374 /* MovieDetail */,
			);
			path = Views;
			sourceTree = "<group>";
		};
		17730E1C234CFC3000F8C6BF /* Search */ = {
			isa = PBXGroup;
			children = (
				17730E1A234CFB8500F8C6BF /* SearchView.swift */,
				17730E1D234CFCE500F8C6BF /* SearchViewModel.swift */,
			);
			path = Search;
			sourceTree = "<group>";
		};
		A140F839233D401C00E07DEA = {
			isa = PBXGroup;
			children = (
				A140F844233D401C00E07DEA /* biscoitometro */,
				A140F85E233D401D00E07DEA /* biscoitometroTests */,
				A140F869233D401D00E07DEA /* biscoitometroUITests */,
				A140F843233D401C00E07DEA /* Products */,
			);
			sourceTree = "<group>";
		};
		A140F843233D401C00E07DEA /* Products */ = {
			isa = PBXGroup;
			children = (
				A140F842233D401C00E07DEA /* biscoitometro.app */,
				A140F85B233D401D00E07DEA /* biscoitometroTests.xctest */,
				A140F866233D401D00E07DEA /* biscoitometroUITests.xctest */,
			);
			name = Products;
			sourceTree = "<group>";
		};
		A140F844233D401C00E07DEA /* biscoitometro */ = {
			isa = PBXGroup;
			children = (
				A140F845233D401C00E07DEA /* AppDelegate.swift */,
				A140F847233D401C00E07DEA /* SceneDelegate.swift */,
				17730E19234CFB4D00F8C6BF /* Views */,
				A140F87D233D595F00E07DEA /* Entities */,
				A140F878233D4F8700E07DEA /* Network */,
				A1BC830E2342912000682752 /* Network Responses */,
				A1BC830923427C2500682752 /* Utilities */,
				A140F84C233D401C00E07DEA /* ContentView.swift */,
				A140F84E233D401D00E07DEA /* Assets.xcassets */,
				A140F853233D401D00E07DEA /* LaunchScreen.storyboard */,
				A140F856233D401D00E07DEA /* Info.plist */,
				A140F849233D401C00E07DEA /* biscoitometro.xcdatamodeld */,
				A140F850233D401D00E07DEA /* Preview Content */,
			);
			path = biscoitometro;
			sourceTree = "<group>";
		};
		A140F850233D401D00E07DEA /* Preview Content */ = {
			isa = PBXGroup;
			children = (
				A140F851233D401D00E07DEA /* Preview Assets.xcassets */,
			);
			path = "Preview Content";
			sourceTree = "<group>";
		};
		A140F85E233D401D00E07DEA /* biscoitometroTests */ = {
			isa = PBXGroup;
			children = (
				A140F85F233D401D00E07DEA /* biscoitometroTests.swift */,
				A140F861233D401D00E07DEA /* Info.plist */,
			);
			path = biscoitometroTests;
			sourceTree = "<group>";
		};
		A140F869233D401D00E07DEA /* biscoitometroUITests */ = {
			isa = PBXGroup;
			children = (
				A140F86A233D401D00E07DEA /* biscoitometroUITests.swift */,
				A140F86C233D401D00E07DEA /* Info.plist */,
			);
			path = biscoitometroUITests;
			sourceTree = "<group>";
		};
		A140F878233D4F8700E07DEA /* Network */ = {
			isa = PBXGroup;
			children = (
				A140F879233D4F9900E07DEA /* Network.swift */,
				A1BC83072342759A00682752 /* Requests.swift */,
				A140F87B233D52DE00E07DEA /* NetworkError.swift */,
			);
			path = Network;
			sourceTree = "<group>";
		};
		A140F87D233D595F00E07DEA /* Entities */ = {
			isa = PBXGroup;
			children = (
				A1BC8326234BB1EB00682752 /* Movie */,
				A1BC8327234BB1FE00682752 /* Artist */,
				A1BC8311234292BB00682752 /* Genre.swift */,
				A1BC83132342957800682752 /* Cast.swift */,
				DEB1C1C52346709200097E53 /* Artist.swift */,
			);
			path = Entities;
			sourceTree = "<group>";
		};
		A19CA5F5235A37FD003E8374 /* MovieDetail */ = {
			isa = PBXGroup;
			children = (
				A19CA5F6235A37FD003E8374 /* MovieDetailView.swift */,
				A19CA5F7235A37FD003E8374 /* MovieDetailViewModel.swift */,
			);
			path = MovieDetail;
			sourceTree = "<group>";
		};
		A1BC830923427C2500682752 /* Utilities */ = {
			isa = PBXGroup;
			children = (
				A1BC830A23427C3C00682752 /* Parsing.swift */,
				A1BC830C2342910C00682752 /* Paginable.swift */,
				DEB1C1C323466A0700097E53 /* CodingUserInfoKey+Extension.swift */,
				A1ECABE72354EB17006CE36D /* Config.swift */,
				A1C691732358E0C400DF0092 /* Utils.swift */,
			);
			path = Utilities;
			sourceTree = "<group>";
		};
		A1BC830E2342912000682752 /* Network Responses */ = {
			isa = PBXGroup;
			children = (
				A1BC830F2342914400682752 /* SearchMovieResult.swift */,
				A1BC831B2343EEA200682752 /* SearchMovieCreditsResult.swift */,
				1710633323451C43003FC044 /* SearchArtistResult.swift */,
				17106335234524EA003FC044 /* SearchArtistCreditsResult.swift */,
			);
			path = "Network Responses";
			sourceTree = "<group>";
		};
		A1BC831F23465D0600682752 /* TestView */ = {
			isa = PBXGroup;
			children = (
				A1BC83162342973600682752 /* SearchMovieViewModel.swift */,
				A1BC83192343CB1900682752 /* SearchMovieView.swift */,
			);
			path = TestView;
			sourceTree = "<group>";
		};
		A1BC8326234BB1EB00682752 /* Movie */ = {
			isa = PBXGroup;
			children = (
				A1BC83202347B82900682752 /* MovieProtocol.swift */,
				A140F87E233D597F00E07DEA /* MovieDecodable.swift */,
				A1BC8322234BB02300682752 /* MovieStorable.swift */,
			);
			path = Movie;
			sourceTree = "<group>";
		};
		A1BC8327234BB1FE00682752 /* Artist */ = {
			isa = PBXGroup;
			children = (
				A1BC8324234BB1C600682752 /* ArtistProtocol.swift */,
				A1BC8328234BB2DE00682752 /* ArtistDecodable.swift */,
				A1BC832A234BB35200682752 /* ArtistStorable.swift */,
			);
			path = Artist;
			sourceTree = "<group>";
		};
		A1ECABEB2354FB48006CE36D /* MovieRate */ = {
			isa = PBXGroup;
			children = (
				A1ECABE92354FB40006CE36D /* MovieRateView.swift */,
				A1ECABEC2354FB87006CE36D /* MovieRateViewModel.swift */,
			);
			path = MovieRate;
			sourceTree = "<group>";
		};
		A1F319342355088B00AF0421 /* RateCast */ = {
			isa = PBXGroup;
			children = (
				A1F319322355088600AF0421 /* RateCastView.swift */,
				A1F31935235508A400AF0421 /* RateCastViewModel.swift */,
			);
			path = RateCast;
			sourceTree = "<group>";
		};
/* End PBXGroup section */

/* Begin PBXNativeTarget section */
		A140F841233D401C00E07DEA /* biscoitometro */ = {
			isa = PBXNativeTarget;
			buildConfigurationList = A140F86F233D401D00E07DEA /* Build configuration list for PBXNativeTarget "biscoitometro" */;
			buildPhases = (
				A140F83E233D401C00E07DEA /* Sources */,
				A140F83F233D401C00E07DEA /* Frameworks */,
				A140F840233D401C00E07DEA /* Resources */,
			);
			buildRules = (
			);
			dependencies = (
			);
			name = biscoitometro;
			productName = biscoitometro;
			productReference = A140F842233D401C00E07DEA /* biscoitometro.app */;
			productType = "com.apple.product-type.application";
		};
		A140F85A233D401D00E07DEA /* biscoitometroTests */ = {
			isa = PBXNativeTarget;
			buildConfigurationList = A140F872233D401D00E07DEA /* Build configuration list for PBXNativeTarget "biscoitometroTests" */;
			buildPhases = (
				A140F857233D401D00E07DEA /* Sources */,
				A140F858233D401D00E07DEA /* Frameworks */,
				A140F859233D401D00E07DEA /* Resources */,
			);
			buildRules = (
			);
			dependencies = (
				A140F85D233D401D00E07DEA /* PBXTargetDependency */,
			);
			name = biscoitometroTests;
			productName = biscoitometroTests;
			productReference = A140F85B233D401D00E07DEA /* biscoitometroTests.xctest */;
			productType = "com.apple.product-type.bundle.unit-test";
		};
		A140F865233D401D00E07DEA /* biscoitometroUITests */ = {
			isa = PBXNativeTarget;
			buildConfigurationList = A140F875233D401D00E07DEA /* Build configuration list for PBXNativeTarget "biscoitometroUITests" */;
			buildPhases = (
				A140F862233D401D00E07DEA /* Sources */,
				A140F863233D401D00E07DEA /* Frameworks */,
				A140F864233D401D00E07DEA /* Resources */,
			);
			buildRules = (
			);
			dependencies = (
				A140F868233D401D00E07DEA /* PBXTargetDependency */,
			);
			name = biscoitometroUITests;
			productName = biscoitometroUITests;
			productReference = A140F866233D401D00E07DEA /* biscoitometroUITests.xctest */;
			productType = "com.apple.product-type.bundle.ui-testing";
		};
/* End PBXNativeTarget section */

/* Begin PBXProject section */
		A140F83A233D401C00E07DEA /* Project object */ = {
			isa = PBXProject;
			attributes = {
				LastSwiftUpdateCheck = 1100;
				LastUpgradeCheck = 1100;
				ORGANIZATIONNAME = "Lucas Cardoso";
				TargetAttributes = {
					A140F841233D401C00E07DEA = {
						CreatedOnToolsVersion = 11.0;
					};
					A140F85A233D401D00E07DEA = {
						CreatedOnToolsVersion = 11.0;
						TestTargetID = A140F841233D401C00E07DEA;
					};
					A140F865233D401D00E07DEA = {
						CreatedOnToolsVersion = 11.0;
						TestTargetID = A140F841233D401C00E07DEA;
					};
				};
			};
			buildConfigurationList = A140F83D233D401C00E07DEA /* Build configuration list for PBXProject "biscoitometro" */;
			compatibilityVersion = "Xcode 9.3";
			developmentRegion = en;
			hasScannedForEncodings = 0;
			knownRegions = (
				en,
				Base,
			);
			mainGroup = A140F839233D401C00E07DEA;
			productRefGroup = A140F843233D401C00E07DEA /* Products */;
			projectDirPath = "";
			projectRoot = "";
			targets = (
				A140F841233D401C00E07DEA /* biscoitometro */,
				A140F85A233D401D00E07DEA /* biscoitometroTests */,
				A140F865233D401D00E07DEA /* biscoitometroUITests */,
			);
		};
/* End PBXProject section */

/* Begin PBXResourcesBuildPhase section */
		A140F840233D401C00E07DEA /* Resources */ = {
			isa = PBXResourcesBuildPhase;
			buildActionMask = 2147483647;
			files = (
				A140F855233D401D00E07DEA /* LaunchScreen.storyboard in Resources */,
				A140F852233D401D00E07DEA /* Preview Assets.xcassets in Resources */,
				A140F84F233D401D00E07DEA /* Assets.xcassets in Resources */,
			);
			runOnlyForDeploymentPostprocessing = 0;
		};
		A140F859233D401D00E07DEA /* Resources */ = {
			isa = PBXResourcesBuildPhase;
			buildActionMask = 2147483647;
			files = (
			);
			runOnlyForDeploymentPostprocessing = 0;
		};
		A140F864233D401D00E07DEA /* Resources */ = {
			isa = PBXResourcesBuildPhase;
			buildActionMask = 2147483647;
			files = (
			);
			runOnlyForDeploymentPostprocessing = 0;
		};
/* End PBXResourcesBuildPhase section */

/* Begin PBXSourcesBuildPhase section */
		A140F83E233D401C00E07DEA /* Sources */ = {
			isa = PBXSourcesBuildPhase;
			buildActionMask = 2147483647;
			files = (
				A1BC8323234BB02300682752 /* MovieStorable.swift in Sources */,
				DEB1C1C423466A0700097E53 /* CodingUserInfoKey+Extension.swift in Sources */,
				A1ECABEA2354FB40006CE36D /* MovieRateView.swift in Sources */,
				A140F87F233D597F00E07DEA /* MovieDecodable.swift in Sources */,
				A1BC831A2343CB1900682752 /* SearchMovieView.swift in Sources */,
				A140F87A233D4F9900E07DEA /* Network.swift in Sources */,
				A1BC83142342957800682752 /* Cast.swift in Sources */,
				A140F846233D401C00E07DEA /* AppDelegate.swift in Sources */,
				DEB1C1C62346709200097E53 /* Artist.swift in Sources */,
				A1BC83172342973600682752 /* SearchMovieViewModel.swift in Sources */,
				A1C691742358E0C400DF0092 /* Utils.swift in Sources */,
				A1BC83082342759A00682752 /* Requests.swift in Sources */,
				A1BC8329234BB2DE00682752 /* ArtistDecodable.swift in Sources */,
				1710633423451C43003FC044 /* SearchArtistResult.swift in Sources */,
				A1F31936235508A400AF0421 /* RateCastViewModel.swift in Sources */,
				A1BC830D2342910C00682752 /* Paginable.swift in Sources */,
				A1BC83212347B82900682752 /* MovieProtocol.swift in Sources */,
				1707919E234D221D00BD6F32 /* MoviePresentationViewModel.swift in Sources */,
				A1BC832B234BB35200682752 /* ArtistStorable.swift in Sources */,
				17730E1B234CFB8500F8C6BF /* SearchView.swift in Sources */,
				A19CA5F9235A37FD003E8374 /* MovieDetailViewModel.swift in Sources */,
				A1C691762358FBB100DF0092 /* AppView.swift in Sources */,
				A1ECABE82354EB17006CE36D /* Config.swift in Sources */,
				A140F848233D401C00E07DEA /* SceneDelegate.swift in Sources */,
				A1ECABED2354FB87006CE36D /* MovieRateViewModel.swift in Sources */,
				A140F87C233D52DE00E07DEA /* NetworkError.swift in Sources */,
				A1BC8325234BB1C600682752 /* ArtistProtocol.swift in Sources */,
				A1BC83102342914400682752 /* SearchMovieResult.swift in Sources */,
				17106336234524EA003FC044 /* SearchArtistCreditsResult.swift in Sources */,
				A19CA5F8235A37FD003E8374 /* MovieDetailView.swift in Sources */,
				17730E1E234CFCE500F8C6BF /* SearchViewModel.swift in Sources */,
				A1BC830B23427C3C00682752 /* Parsing.swift in Sources */,
				A1BC8312234292BB00682752 /* Genre.swift in Sources */,
				1707919C234D13DF00BD6F32 /* MoviePresentationView.swift in Sources */,
				A1BC831C2343EEA200682752 /* SearchMovieCreditsResult.swift in Sources */,
				A1F319332355088600AF0421 /* RateCastView.swift in Sources */,
				A140F84D233D401C00E07DEA /* ContentView.swift in Sources */,
				A140F84B233D401C00E07DEA /* biscoitometro.xcdatamodeld in Sources */,
			);
			runOnlyForDeploymentPostprocessing = 0;
		};
		A140F857233D401D00E07DEA /* Sources */ = {
			isa = PBXSourcesBuildPhase;
			buildActionMask = 2147483647;
			files = (
				A140F860233D401D00E07DEA /* biscoitometroTests.swift in Sources */,
			);
			runOnlyForDeploymentPostprocessing = 0;
		};
		A140F862233D401D00E07DEA /* Sources */ = {
			isa = PBXSourcesBuildPhase;
			buildActionMask = 2147483647;
			files = (
				A140F86B233D401D00E07DEA /* biscoitometroUITests.swift in Sources */,
			);
			runOnlyForDeploymentPostprocessing = 0;
		};
/* End PBXSourcesBuildPhase section */

/* Begin PBXTargetDependency section */
		A140F85D233D401D00E07DEA /* PBXTargetDependency */ = {
			isa = PBXTargetDependency;
			target = A140F841233D401C00E07DEA /* biscoitometro */;
			targetProxy = A140F85C233D401D00E07DEA /* PBXContainerItemProxy */;
		};
		A140F868233D401D00E07DEA /* PBXTargetDependency */ = {
			isa = PBXTargetDependency;
			target = A140F841233D401C00E07DEA /* biscoitometro */;
			targetProxy = A140F867233D401D00E07DEA /* PBXContainerItemProxy */;
		};
/* End PBXTargetDependency section */

/* Begin PBXVariantGroup section */
		A140F853233D401D00E07DEA /* LaunchScreen.storyboard */ = {
			isa = PBXVariantGroup;
			children = (
				A140F854233D401D00E07DEA /* Base */,
			);
			name = LaunchScreen.storyboard;
			sourceTree = "<group>";
		};
/* End PBXVariantGroup section */

/* Begin XCBuildConfiguration section */
		A140F86D233D401D00E07DEA /* Debug */ = {
			isa = XCBuildConfiguration;
			buildSettings = {
				ALWAYS_SEARCH_USER_PATHS = NO;
				CLANG_ANALYZER_NONNULL = YES;
				CLANG_ANALYZER_NUMBER_OBJECT_CONVERSION = YES_AGGRESSIVE;
				CLANG_CXX_LANGUAGE_STANDARD = "gnu++14";
				CLANG_CXX_LIBRARY = "libc++";
				CLANG_ENABLE_MODULES = YES;
				CLANG_ENABLE_OBJC_ARC = YES;
				CLANG_ENABLE_OBJC_WEAK = YES;
				CLANG_WARN_BLOCK_CAPTURE_AUTORELEASING = YES;
				CLANG_WARN_BOOL_CONVERSION = YES;
				CLANG_WARN_COMMA = YES;
				CLANG_WARN_CONSTANT_CONVERSION = YES;
				CLANG_WARN_DEPRECATED_OBJC_IMPLEMENTATIONS = YES;
				CLANG_WARN_DIRECT_OBJC_ISA_USAGE = YES_ERROR;
				CLANG_WARN_DOCUMENTATION_COMMENTS = YES;
				CLANG_WARN_EMPTY_BODY = YES;
				CLANG_WARN_ENUM_CONVERSION = YES;
				CLANG_WARN_INFINITE_RECURSION = YES;
				CLANG_WARN_INT_CONVERSION = YES;
				CLANG_WARN_NON_LITERAL_NULL_CONVERSION = YES;
				CLANG_WARN_OBJC_IMPLICIT_RETAIN_SELF = YES;
				CLANG_WARN_OBJC_LITERAL_CONVERSION = YES;
				CLANG_WARN_OBJC_ROOT_CLASS = YES_ERROR;
				CLANG_WARN_RANGE_LOOP_ANALYSIS = YES;
				CLANG_WARN_STRICT_PROTOTYPES = YES;
				CLANG_WARN_SUSPICIOUS_MOVE = YES;
				CLANG_WARN_UNGUARDED_AVAILABILITY = YES_AGGRESSIVE;
				CLANG_WARN_UNREACHABLE_CODE = YES;
				CLANG_WARN__DUPLICATE_METHOD_MATCH = YES;
				COPY_PHASE_STRIP = NO;
				DEBUG_INFORMATION_FORMAT = dwarf;
				ENABLE_STRICT_OBJC_MSGSEND = YES;
				ENABLE_TESTABILITY = YES;
				GCC_C_LANGUAGE_STANDARD = gnu11;
				GCC_DYNAMIC_NO_PIC = NO;
				GCC_NO_COMMON_BLOCKS = YES;
				GCC_OPTIMIZATION_LEVEL = 0;
				GCC_PREPROCESSOR_DEFINITIONS = (
					"DEBUG=1",
					"$(inherited)",
				);
				GCC_WARN_64_TO_32_BIT_CONVERSION = YES;
				GCC_WARN_ABOUT_RETURN_TYPE = YES_ERROR;
				GCC_WARN_UNDECLARED_SELECTOR = YES;
				GCC_WARN_UNINITIALIZED_AUTOS = YES_AGGRESSIVE;
				GCC_WARN_UNUSED_FUNCTION = YES;
				GCC_WARN_UNUSED_VARIABLE = YES;
				IPHONEOS_DEPLOYMENT_TARGET = 13.0;
				MTL_ENABLE_DEBUG_INFO = INCLUDE_SOURCE;
				MTL_FAST_MATH = YES;
				ONLY_ACTIVE_ARCH = YES;
				SDKROOT = iphoneos;
				SWIFT_ACTIVE_COMPILATION_CONDITIONS = DEBUG;
				SWIFT_OPTIMIZATION_LEVEL = "-Onone";
			};
			name = Debug;
		};
		A140F86E233D401D00E07DEA /* Release */ = {
			isa = XCBuildConfiguration;
			buildSettings = {
				ALWAYS_SEARCH_USER_PATHS = NO;
				CLANG_ANALYZER_NONNULL = YES;
				CLANG_ANALYZER_NUMBER_OBJECT_CONVERSION = YES_AGGRESSIVE;
				CLANG_CXX_LANGUAGE_STANDARD = "gnu++14";
				CLANG_CXX_LIBRARY = "libc++";
				CLANG_ENABLE_MODULES = YES;
				CLANG_ENABLE_OBJC_ARC = YES;
				CLANG_ENABLE_OBJC_WEAK = YES;
				CLANG_WARN_BLOCK_CAPTURE_AUTORELEASING = YES;
				CLANG_WARN_BOOL_CONVERSION = YES;
				CLANG_WARN_COMMA = YES;
				CLANG_WARN_CONSTANT_CONVERSION = YES;
				CLANG_WARN_DEPRECATED_OBJC_IMPLEMENTATIONS = YES;
				CLANG_WARN_DIRECT_OBJC_ISA_USAGE = YES_ERROR;
				CLANG_WARN_DOCUMENTATION_COMMENTS = YES;
				CLANG_WARN_EMPTY_BODY = YES;
				CLANG_WARN_ENUM_CONVERSION = YES;
				CLANG_WARN_INFINITE_RECURSION = YES;
				CLANG_WARN_INT_CONVERSION = YES;
				CLANG_WARN_NON_LITERAL_NULL_CONVERSION = YES;
				CLANG_WARN_OBJC_IMPLICIT_RETAIN_SELF = YES;
				CLANG_WARN_OBJC_LITERAL_CONVERSION = YES;
				CLANG_WARN_OBJC_ROOT_CLASS = YES_ERROR;
				CLANG_WARN_RANGE_LOOP_ANALYSIS = YES;
				CLANG_WARN_STRICT_PROTOTYPES = YES;
				CLANG_WARN_SUSPICIOUS_MOVE = YES;
				CLANG_WARN_UNGUARDED_AVAILABILITY = YES_AGGRESSIVE;
				CLANG_WARN_UNREACHABLE_CODE = YES;
				CLANG_WARN__DUPLICATE_METHOD_MATCH = YES;
				COPY_PHASE_STRIP = NO;
				DEBUG_INFORMATION_FORMAT = "dwarf-with-dsym";
				ENABLE_NS_ASSERTIONS = NO;
				ENABLE_STRICT_OBJC_MSGSEND = YES;
				GCC_C_LANGUAGE_STANDARD = gnu11;
				GCC_NO_COMMON_BLOCKS = YES;
				GCC_WARN_64_TO_32_BIT_CONVERSION = YES;
				GCC_WARN_ABOUT_RETURN_TYPE = YES_ERROR;
				GCC_WARN_UNDECLARED_SELECTOR = YES;
				GCC_WARN_UNINITIALIZED_AUTOS = YES_AGGRESSIVE;
				GCC_WARN_UNUSED_FUNCTION = YES;
				GCC_WARN_UNUSED_VARIABLE = YES;
				IPHONEOS_DEPLOYMENT_TARGET = 13.0;
				MTL_ENABLE_DEBUG_INFO = NO;
				MTL_FAST_MATH = YES;
				SDKROOT = iphoneos;
				SWIFT_COMPILATION_MODE = wholemodule;
				SWIFT_OPTIMIZATION_LEVEL = "-O";
				VALIDATE_PRODUCT = YES;
			};
			name = Release;
		};
		A140F870233D401D00E07DEA /* Debug */ = {
			isa = XCBuildConfiguration;
			buildSettings = {
				ASSETCATALOG_COMPILER_APPICON_NAME = AppIcon;
				CODE_SIGN_STYLE = Automatic;
				DEVELOPMENT_ASSET_PATHS = "\"biscoitometro/Preview Content\"";
				DEVELOPMENT_TEAM = DKR9MLJ8T7;
				ENABLE_PREVIEWS = YES;
				INFOPLIST_FILE = biscoitometro/Info.plist;
				LD_RUNPATH_SEARCH_PATHS = (
					"$(inherited)",
					"@executable_path/Frameworks",
				);
				PRODUCT_BUNDLE_IDENTIFIER = academy.biscoitometro;
				PRODUCT_NAME = "$(TARGET_NAME)";
				SWIFT_VERSION = 5.0;
				TARGETED_DEVICE_FAMILY = "1,2";
			};
			name = Debug;
		};
		A140F871233D401D00E07DEA /* Release */ = {
			isa = XCBuildConfiguration;
			buildSettings = {
				ASSETCATALOG_COMPILER_APPICON_NAME = AppIcon;
				CODE_SIGN_STYLE = Automatic;
				DEVELOPMENT_ASSET_PATHS = "\"biscoitometro/Preview Content\"";
				DEVELOPMENT_TEAM = DKR9MLJ8T7;
				ENABLE_PREVIEWS = YES;
				INFOPLIST_FILE = biscoitometro/Info.plist;
				LD_RUNPATH_SEARCH_PATHS = (
					"$(inherited)",
					"@executable_path/Frameworks",
				);
				PRODUCT_BUNDLE_IDENTIFIER = academy.biscoitometro;
				PRODUCT_NAME = "$(TARGET_NAME)";
				SWIFT_VERSION = 5.0;
				TARGETED_DEVICE_FAMILY = "1,2";
			};
			name = Release;
		};
		A140F873233D401D00E07DEA /* Debug */ = {
			isa = XCBuildConfiguration;
			buildSettings = {
				ALWAYS_EMBED_SWIFT_STANDARD_LIBRARIES = YES;
				BUNDLE_LOADER = "$(TEST_HOST)";
				CODE_SIGN_STYLE = Automatic;
				DEVELOPMENT_TEAM = DKR9MLJ8T7;
				INFOPLIST_FILE = biscoitometroTests/Info.plist;
				IPHONEOS_DEPLOYMENT_TARGET = 13.0;
				LD_RUNPATH_SEARCH_PATHS = (
					"$(inherited)",
					"@executable_path/Frameworks",
					"@loader_path/Frameworks",
				);
				PRODUCT_BUNDLE_IDENTIFIER = academy.biscoitometroTests;
				PRODUCT_NAME = "$(TARGET_NAME)";
				SWIFT_VERSION = 5.0;
				TARGETED_DEVICE_FAMILY = "1,2";
				TEST_HOST = "$(BUILT_PRODUCTS_DIR)/biscoitometro.app/biscoitometro";
			};
			name = Debug;
		};
		A140F874233D401D00E07DEA /* Release */ = {
			isa = XCBuildConfiguration;
			buildSettings = {
				ALWAYS_EMBED_SWIFT_STANDARD_LIBRARIES = YES;
				BUNDLE_LOADER = "$(TEST_HOST)";
				CODE_SIGN_STYLE = Automatic;
				DEVELOPMENT_TEAM = DKR9MLJ8T7;
				INFOPLIST_FILE = biscoitometroTests/Info.plist;
				IPHONEOS_DEPLOYMENT_TARGET = 13.0;
				LD_RUNPATH_SEARCH_PATHS = (
					"$(inherited)",
					"@executable_path/Frameworks",
					"@loader_path/Frameworks",
				);
				PRODUCT_BUNDLE_IDENTIFIER = academy.biscoitometroTests;
				PRODUCT_NAME = "$(TARGET_NAME)";
				SWIFT_VERSION = 5.0;
				TARGETED_DEVICE_FAMILY = "1,2";
				TEST_HOST = "$(BUILT_PRODUCTS_DIR)/biscoitometro.app/biscoitometro";
			};
			name = Release;
		};
		A140F876233D401D00E07DEA /* Debug */ = {
			isa = XCBuildConfiguration;
			buildSettings = {
				ALWAYS_EMBED_SWIFT_STANDARD_LIBRARIES = YES;
				CODE_SIGN_STYLE = Automatic;
				DEVELOPMENT_TEAM = DKR9MLJ8T7;
				INFOPLIST_FILE = biscoitometroUITests/Info.plist;
				LD_RUNPATH_SEARCH_PATHS = (
					"$(inherited)",
					"@executable_path/Frameworks",
					"@loader_path/Frameworks",
				);
				PRODUCT_BUNDLE_IDENTIFIER = academy.biscoitometroUITests;
				PRODUCT_NAME = "$(TARGET_NAME)";
				SWIFT_VERSION = 5.0;
				TARGETED_DEVICE_FAMILY = "1,2";
				TEST_TARGET_NAME = biscoitometro;
			};
			name = Debug;
		};
		A140F877233D401D00E07DEA /* Release */ = {
			isa = XCBuildConfiguration;
			buildSettings = {
				ALWAYS_EMBED_SWIFT_STANDARD_LIBRARIES = YES;
				CODE_SIGN_STYLE = Automatic;
				DEVELOPMENT_TEAM = DKR9MLJ8T7;
				INFOPLIST_FILE = biscoitometroUITests/Info.plist;
				LD_RUNPATH_SEARCH_PATHS = (
					"$(inherited)",
					"@executable_path/Frameworks",
					"@loader_path/Frameworks",
				);
				PRODUCT_BUNDLE_IDENTIFIER = academy.biscoitometroUITests;
				PRODUCT_NAME = "$(TARGET_NAME)";
				SWIFT_VERSION = 5.0;
				TARGETED_DEVICE_FAMILY = "1,2";
				TEST_TARGET_NAME = biscoitometro;
			};
			name = Release;
		};
/* End XCBuildConfiguration section */

/* Begin XCConfigurationList section */
		A140F83D233D401C00E07DEA /* Build configuration list for PBXProject "biscoitometro" */ = {
			isa = XCConfigurationList;
			buildConfigurations = (
				A140F86D233D401D00E07DEA /* Debug */,
				A140F86E233D401D00E07DEA /* Release */,
			);
			defaultConfigurationIsVisible = 0;
			defaultConfigurationName = Release;
		};
		A140F86F233D401D00E07DEA /* Build configuration list for PBXNativeTarget "biscoitometro" */ = {
			isa = XCConfigurationList;
			buildConfigurations = (
				A140F870233D401D00E07DEA /* Debug */,
				A140F871233D401D00E07DEA /* Release */,
			);
			defaultConfigurationIsVisible = 0;
			defaultConfigurationName = Release;
		};
		A140F872233D401D00E07DEA /* Build configuration list for PBXNativeTarget "biscoitometroTests" */ = {
			isa = XCConfigurationList;
			buildConfigurations = (
				A140F873233D401D00E07DEA /* Debug */,
				A140F874233D401D00E07DEA /* Release */,
			);
			defaultConfigurationIsVisible = 0;
			defaultConfigurationName = Release;
		};
		A140F875233D401D00E07DEA /* Build configuration list for PBXNativeTarget "biscoitometroUITests" */ = {
			isa = XCConfigurationList;
			buildConfigurations = (
				A140F876233D401D00E07DEA /* Debug */,
				A140F877233D401D00E07DEA /* Release */,
			);
			defaultConfigurationIsVisible = 0;
			defaultConfigurationName = Release;
		};
/* End XCConfigurationList section */

/* Begin XCVersionGroup section */
		A140F849233D401C00E07DEA /* biscoitometro.xcdatamodeld */ = {
			isa = XCVersionGroup;
			children = (
				A140F84A233D401C00E07DEA /* biscoitometro.xcdatamodel */,
			);
			currentVersion = A140F84A233D401C00E07DEA /* biscoitometro.xcdatamodel */;
			path = biscoitometro.xcdatamodeld;
			sourceTree = "<group>";
			versionGroupType = wrapper.xcdatamodel;
		};
/* End XCVersionGroup section */
	};
	rootObject = A140F83A233D401C00E07DEA /* Project object */;
}
